github.com/akavel/rsrc v0.10.2 h1:Zxm8V5eI1hW4gGaYsJQUhxpjkENuG91ki8B4zCrvEsw=
github.com/akavel/rsrc v0.10.2/go.mod h1:uLoCtb9J+EyAqh+26kdrTgmzRBFPGOolLWKpdxkKq+c=
github.com/audrius-paskevicius/asticode-go-astichartjs v0.0.0-20251201152947-f2ca469a4484 h1:ql4kzUaw97LdnQ8QRymqIu8V/hpNsvV+m3QwvMwBX18=
github.com/audrius-paskevicius/asticode-go-astichartjs v0.0.0-20251201152947-f2ca469a4484/go.mod h1:sJjreeh3eicVcxTPBVcm/qT7U5mrn7PT/P1EIOcBCXw=
github.com/audrius-paskevicius/asticode-go-astikit v0.0.0-20251201151259-4df61223fd76 h1:T4t2ut178M/sfcphWDw6WWww6hqdczcVUT63+am88dU=
github.com/audrius-paskevicius/asticode-go-astikit v0.0.0-20251201151259-4df61223fd76/go.mod h1:SuwW7MPSWAVC/3pvJRxaM4WZfuNwZGfZsp4lK4+QIpw=
github.com/audrius-paskevicius/asticode-go-astilectron v0.0.0-20251201152144-315d41e2fe48 h1:GREDOBHtWOHSW31e9T/5yBa5FZoMal63iWNbW8stlBQ=
github.com/audrius-paskevicius/asticode-go-astilectron v0.0.0-20251201152144-315d41e2fe48/go.mod h1:pwK5/Wy3bZUCJ5EwAeMC3fhf5zBMOsYvK9JK7L+HXnI=
github.com/audrius-paskevicius/asticode-go-astilectron-bootstrap v0.0.0-20251201155326-49b172c33eba h1:uScWZYK5EOOUB29qSfPjQlnlFDKet9Y8r8cW9n6WCVI=
github.com/audrius-paskevicius/asticode-go-astilectron-bootstrap v0.0.0-20251201155326-49b172c33eba/go.mod h1:hz2rg9KqhUUMu8f1bPAYU87KPeTHE4SKUD4gJ4ZOfDg=
github.com/audrius-paskevicius/asticode-go-astilectron-bundler v0.0.0-20251201145730-dc51cd227514 h1:JXj0RWsrTB0dzx1Ci9b014cbjR1HVir+5Ci6NcG8T+I=
github.com/audrius-paskevicius/asticode-go-astilectron-bundler v0.0.0-20251201145730-dc51cd227514/go.mod h1:K9EoUNvjzNDCUYeW5f50E+zOF2dRFs3WfncJEqH4Bc0=
github.com/audrius-paskevicius/asticode-go-astilectron-bundler v0.0.0-20251202101245-d25f8a55128d h1:mZmNVKLbu8xEusx4WCCTd0CF41jS9Fh6nzY8n4XiaD4=
github.com/audrius-paskevicius/asticode-go-astilectron-bundler v0.0.0-20251202101245-d25f8a55128d/go.mod h1:xDZe6DxtGU6pjDxIVPzuH3qwccsuX7hcnvZfpVmZw7s=
github.com/audrius-paskevicius/asticode-go-bindata v0.0.0-20251201154002-46daa6c78bce h1:gvhOt63BYiOm+HlSDSvEXep+NTU8p1TMbPhNnkvvzEk=
github.com/audrius-paskevicius/asticode-go-bindata v0.0.0-20251201154002-46daa6c78bce/go.mod h1:rmsy5q2Js6g77Rip21sJX0C8I14vygV0wnUjSlgJoEM=
github.com/davecgh/go-spew v1.1.1 h1:vj9j/u1bqnvCEfJOwUhtlOARqs3+rkHYY13jYWTU97c=
github.com/davecgh/go-spew v1.1.1/go.mod h1:J7Y8YcW2NihsgmVo/mv3lAwl/skON4iLHjSsI+c5H38=
github.com/pmezard/go-difflib v1.0.0 h1:4DBwDE0NGyQoBHbLQYPwSUPoCMWR5BEzIk/f1lZbAQM=
github.com/pmezard/go-difflib v1.0.0/go.mod h1:iKH77koFhYxTK1pcRnkKkqfTogsbg7gZNVY4sRDYZ/4=
github.com/sam-kamerer/go-plister v1.2.0 h1:ZdEF1bhPUoGzwz5eFljw2K/A+oRXq/81jul/A3CHKEY=
github.com/sam-kamerer/go-plister v1.2.0/go.mod h1:gTt1Ko2oTA5bfDYsNcLjRGyyx6LPxHIeo0ZTtTRZG2I=
github.com/stretchr/testify v1.11.1 h1:7s2iGBzp5EwR7/aIZr8ao5+dra3wiQyKjjFuvgVKu7U=
github.com/stretchr/testify v1.11.1/go.mod h1:wZwfW3scLgRK+23gO65QZefKpKQRnfz6sD981Nm4B6U=
gopkg.in/yaml.v3 v3.0.1 h1:fxVm/GzAzEWqLHuvctI91KS9hhNmmWOoWu0XTYJS7CA=
gopkg.in/yaml.v3 v3.0.1/go.mod h1:K4uyk7z7BCEPqu6E+C64Yfv1cQ7kz7rIZviUmN+EgEM=
